{
  "version": 4,
  "terraform_version": "0.12.28",
  "serial": 138,
  "lineage": "f3db94a1-a254-7a74-3716-d33f046c768c",
  "outputs": {
    "iam_access_key_id": {
      "value": "AKIAYJV3NI6QHNSFUYUM",
      "type": "string"
    },
    "iam_user_id": {
      "value": "sqs_user",
      "type": "string"
    },
    "sns_id": {
      "value": "arn:aws:sns:us-east-2:570549946272:sns_topic",
      "type": "string"
    },
    "sqs_id": {
      "value": "https://sqs.us-east-2.amazonaws.com/570549946272/sqs_queue",
      "type": "string"
    }
  },
  "resources": [
    {
      "mode": "managed",
      "type": "aws_default_vpc",
      "name": "default",
      "provider": "provider.aws",
      "instances": [
        {
          "schema_version": 1,
          "attributes": {
            "arn": "arn:aws:ec2:us-east-2:570549946272:vpc/vpc-6e69cd05",
            "assign_generated_ipv6_cidr_block": false,
            "cidr_block": "172.31.0.0/16",
            "default_network_acl_id": "acl-3513905e",
            "default_route_table_id": "rtb-e134588a",
            "default_security_group_id": "sg-9c3046e6",
            "dhcp_options_id": "dopt-ebc17880",
            "enable_classiclink": null,
            "enable_classiclink_dns_support": null,
            "enable_dns_hostnames": true,
            "enable_dns_support": true,
            "id": "vpc-6e69cd05",
            "instance_tenancy": "default",
            "ipv6_association_id": "",
            "ipv6_cidr_block": "",
            "main_route_table_id": "rtb-e134588a",
            "owner_id": "570549946272",
            "tags": null
          },
          "private": "eyJzY2hlbWFfdmVyc2lvbiI6IjEifQ=="
        }
      ]
    },
    {
      "mode": "managed",
      "type": "aws_iam_access_key",
      "name": "sqs_user_key",
      "provider": "provider.aws",
      "instances": [
        {
          "schema_version": 0,
          "attributes": {
            "encrypted_secret": null,
            "id": "AKIAYJV3NI6QHNSFUYUM",
            "key_fingerprint": null,
            "pgp_key": null,
            "secret": "XpaNaSgHrvRoMgcJT+DL1Gp4rDCof5iUSYLj6ziJ",
            "ses_smtp_password": "As82kAUgkhztBCobp03NE1EGLj7C/SWRBAFZ5Qi1z8Ys",
            "ses_smtp_password_v4": "BACw+NM+UokvgtJE5agCse0EC9DgL+FqmMsssGWSROeN",
            "status": "Active",
            "user": "sqs_user"
          },
          "private": "bnVsbA==",
          "dependencies": [
            "aws_iam_user.sqs_user"
          ]
        }
      ]
    },
    {
      "mode": "managed",
      "type": "aws_iam_user",
      "name": "sqs_user",
      "provider": "provider.aws",
      "instances": [
        {
          "schema_version": 0,
          "attributes": {
            "arn": "arn:aws:iam::570549946272:user/system/sqs_user",
            "force_destroy": false,
            "id": "sqs_user",
            "name": "sqs_user",
            "path": "/system/",
            "permissions_boundary": null,
            "tags": {
              "tag-key": "tag-value"
            },
            "unique_id": "AIDAYJV3NI6QMVSZFQXB4"
          },
          "private": "bnVsbA=="
        }
      ]
    },
    {
      "mode": "managed",
      "type": "aws_iam_user_policy",
      "name": "sqs_user_policy",
      "provider": "provider.aws",
      "instances": [
        {
          "schema_version": 0,
          "attributes": {
            "id": "sqs_user:test",
            "name": "test",
            "name_prefix": null,
            "policy": "{\n  \"Version\": \"2012-10-17\",\n  \"Statement\": [\n    {\n      \"Effect\": \"Allow\",\n      \"Action\": [\n        \"sqs:GetQueueAttributes\",\n        \"sqs:GetQueueUrl\",\n        \"sqs:ReceiveMessage\",\n        \"sqs:DeleteMessage*\",\n        \"sqs:PurgeQueue\",\n        \"sqs:ChangeMessageVisibility*\"\n      ],\n      \"Resource\": \"arn:aws:sqs:us-east-2:570549946272:sqs_queue\"\n    }\n  ]\n}\n",
            "user": "sqs_user"
          },
          "private": "bnVsbA==",
          "dependencies": [
            "aws_iam_user.sqs_user",
            "aws_sqs_queue.sqs_queue"
          ]
        }
      ]
    },
    {
      "mode": "managed",
      "type": "aws_sns_topic",
      "name": "sns_topic",
      "provider": "provider.aws",
      "instances": [
        {
          "schema_version": 0,
          "attributes": {
            "application_failure_feedback_role_arn": "",
            "application_success_feedback_role_arn": "",
            "application_success_feedback_sample_rate": null,
            "arn": "arn:aws:sns:us-east-2:570549946272:sns_topic",
            "delivery_policy": "",
            "display_name": "",
            "http_failure_feedback_role_arn": "",
            "http_success_feedback_role_arn": "",
            "http_success_feedback_sample_rate": null,
            "id": "arn:aws:sns:us-east-2:570549946272:sns_topic",
            "kms_master_key_id": "",
            "lambda_failure_feedback_role_arn": "",
            "lambda_success_feedback_role_arn": "",
            "lambda_success_feedback_sample_rate": null,
            "name": "sns_topic",
            "name_prefix": null,
            "policy": "{\"Version\":\"2008-10-17\",\"Id\":\"__default_policy_ID\",\"Statement\":[{\"Sid\":\"__default_statement_ID\",\"Effect\":\"Allow\",\"Principal\":{\"AWS\":\"*\"},\"Action\":[\"SNS:GetTopicAttributes\",\"SNS:SetTopicAttributes\",\"SNS:AddPermission\",\"SNS:RemovePermission\",\"SNS:DeleteTopic\",\"SNS:Subscribe\",\"SNS:ListSubscriptionsByTopic\",\"SNS:Publish\",\"SNS:Receive\"],\"Resource\":\"arn:aws:sns:us-east-2:570549946272:sns_topic\",\"Condition\":{\"StringEquals\":{\"AWS:SourceOwner\":\"570549946272\"}}}]}",
            "sqs_failure_feedback_role_arn": "",
            "sqs_success_feedback_role_arn": "",
            "sqs_success_feedback_sample_rate": null,
            "tags": null
          },
          "private": "bnVsbA=="
        }
      ]
    },
    {
      "mode": "managed",
      "type": "aws_sqs_queue",
      "name": "sqs_queue",
      "provider": "provider.aws",
      "instances": [
        {
          "schema_version": 0,
          "attributes": {
            "arn": "arn:aws:sqs:us-east-2:570549946272:sqs_queue",
            "content_based_deduplication": false,
            "delay_seconds": 0,
            "fifo_queue": false,
            "id": "https://sqs.us-east-2.amazonaws.com/570549946272/sqs_queue",
            "kms_data_key_reuse_period_seconds": 300,
            "kms_master_key_id": "",
            "max_message_size": 262144,
            "message_retention_seconds": 345600,
            "name": "sqs_queue",
            "name_prefix": null,
            "policy": "",
            "receive_wait_time_seconds": 0,
            "redrive_policy": "",
            "tags": null,
            "visibility_timeout_seconds": 30
          },
          "private": "bnVsbA=="
        }
      ]
    },
    {
      "mode": "managed",
      "type": "aws_sqs_queue_policy",
      "name": "sqs_queue_policy",
      "provider": "provider.aws",
      "instances": [
        {
          "schema_version": 1,
          "attributes": {
            "id": "https://sqs.us-east-2.amazonaws.com/570549946272/sqs_queue",
            "policy": "{\"Version\":\"2012-10-17\",\"Id\":\"sqspolicy\",\"Statement\":[{\"Sid\":\"First\",\"Effect\":\"Allow\",\"Principal\":\"*\",\"Action\":\"sqs:SendMessage\",\"Resource\":\"arn:aws:sqs:us-east-2:570549946272:sqs_queue\",\"Condition\":{\"ArnEquals\":{\"aws:SourceArn\":\"arn:aws:sns:us-east-2:570549946272:sns_topic\"}}}]}",
            "queue_url": "https://sqs.us-east-2.amazonaws.com/570549946272/sqs_queue"
          },
          "private": "eyJzY2hlbWFfdmVyc2lvbiI6IjEifQ==",
          "dependencies": [
            "aws_sns_topic.sns_topic",
            "aws_sqs_queue.sqs_queue"
          ]
        }
      ]
    }
  ]
}
